// !$*UTF8*$!
{
	archiveVersion = 1;
	classes = {
	};
	objectVersion = 50;
	objects = {

/* Begin PBXBuildFile section */
		8403EB2026B6A70C00D11783 /* AppDelegate.swift in Sources */ = {isa = PBXBuildFile; fileRef = 8403EB1F26B6A70C00D11783 /* AppDelegate.swift */; };
		8403EB2226B6A70C00D11783 /* SceneDelegate.swift in Sources */ = {isa = PBXBuildFile; fileRef = 8403EB2126B6A70C00D11783 /* SceneDelegate.swift */; };
		8403EB2426B6A70C00D11783 /* ViewController.swift in Sources */ = {isa = PBXBuildFile; fileRef = 8403EB2326B6A70C00D11783 /* ViewController.swift */; };
		8403EB2726B6A70C00D11783 /* Main.storyboard in Resources */ = {isa = PBXBuildFile; fileRef = 8403EB2526B6A70C00D11783 /* Main.storyboard */; };
		8403EB2A26B6A70C00D11783 /* dStarSafeBoxDemo.xcdatamodeld in Sources */ = {isa = PBXBuildFile; fileRef = 8403EB2826B6A70C00D11783 /* dStarSafeBoxDemo.xcdatamodeld */; };
		8403EB2C26B6A70C00D11783 /* Assets.xcassets in Resources */ = {isa = PBXBuildFile; fileRef = 8403EB2B26B6A70C00D11783 /* Assets.xcassets */; };
		8403EB2F26B6A70C00D11783 /* LaunchScreen.storyboard in Resources */ = {isa = PBXBuildFile; fileRef = 8403EB2D26B6A70C00D11783 /* LaunchScreen.storyboard */; };
		8403EB3A26B6CAA900D11783 /* Coordinator.swift in Sources */ = {isa = PBXBuildFile; fileRef = 8403EB3926B6CAA900D11783 /* Coordinator.swift */; };
/* End PBXBuildFile section */

/* Begin PBXFileReference section */
		8403EB1C26B6A70C00D11783 /* dStarSafeBoxDemo.app */ = {isa = PBXFileReference; explicitFileType = wrapper.application; includeInIndex = 0; path = dStarSafeBoxDemo.app; sourceTree = BUILT_PRODUCTS_DIR; };
		8403EB1F26B6A70C00D11783 /* AppDelegate.swift */ = {isa = PBXFileReference; lastKnownFileType = sourcecode.swift; path = AppDelegate.swift; sourceTree = "<group>"; };
		8403EB2126B6A70C00D11783 /* SceneDelegate.swift */ = {isa = PBXFileReference; lastKnownFileType = sourcecode.swift; path = SceneDelegate.swift; sourceTree = "<group>"; };
		8403EB2326B6A70C00D11783 /* ViewController.swift */ = {isa = PBXFileReference; lastKnownFileType = sourcecode.swift; path = ViewController.swift; sourceTree = "<group>"; };
		8403EB2626B6A70C00D11783 /* Base */ = {isa = PBXFileReference; lastKnownFileType = file.storyboard; name = Base; path = Base.lproj/Main.storyboard; sourceTree = "<group>"; };
		8403EB2926B6A70C00D11783 /* dStarSafeBoxDemo.xcdatamodel */ = {isa = PBXFileReference; lastKnownFileType = wrapper.xcdatamodel; path = dStarSafeBoxDemo.xcdatamodel; sourceTree = "<group>"; };
		8403EB2B26B6A70C00D11783 /* Assets.xcassets */ = {isa = PBXFileReference; lastKnownFileType = folder.assetcatalog; path = Assets.xcassets; sourceTree = "<group>"; };
		8403EB2E26B6A70C00D11783 /* Base */ = {isa = PBXFileReference; lastKnownFileType = file.storyboard; name = Base; path = Base.lproj/LaunchScreen.storyboard; sourceTree = "<group>"; };
		8403EB3026B6A70C00D11783 /* Info.plist */ = {isa = PBXFileReference; lastKnownFileType = text.plist.xml; path = Info.plist; sourceTree = "<group>"; };
		8403EB3926B6CAA900D11783 /* Coordinator.swift */ = {isa = PBXFileReference; lastKnownFileType = sourcecode.swift; path = Coordinator.swift; sourceTree = "<group>"; };
/* End PBXFileReference section */

/* Begin PBXFrameworksBuildPhase section */
		8403EB1926B6A70C00D11783 /* Frameworks */ = {
			isa = PBXFrameworksBuildPhase;
			buildActionMask = 2147483647;
			files = (
			);
			runOnlyForDeploymentPostprocessing = 0;
		};
/* End PBXFrameworksBuildPhase section */

/* Begin PBXGroup section */
		8403EB1326B6A70C00D11783 = {
			isa = PBXGroup;
			children = (
				8403EB1E26B6A70C00D11783 /* dStarSafeBoxDemo */,
				8403EB1D26B6A70C00D11783 /* Products */,
			);
			sourceTree = "<group>";
		};
		8403EB1D26B6A70C00D11783 /* Products */ = {
			isa = PBXGroup;
			children = (
				8403EB1C26B6A70C00D11783 /* dStarSafeBoxDemo.app */,
			);
			name = Products;
			sourceTree = "<group>";
		};
		8403EB1E26B6A70C00D11783 /* dStarSafeBoxDemo */ = {
			isa = PBXGroup;
			children = (
				8403EB3826B6CA1400D11783 /* Protocols */,
				8403EB1F26B6A70C00D11783 /* AppDelegate.swift */,
				8403EB2126B6A70C00D11783 /* SceneDelegate.swift */,
				8403EB2326B6A70C00D11783 /* ViewController.swift */,
				8403EB2526B6A70C00D11783 /* Main.storyboard */,
				8403EB2B26B6A70C00D11783 /* Assets.xcassets */,
				8403EB2D26B6A70C00D11783 /* LaunchScreen.storyboard */,
				8403EB3026B6A70C00D11783 /* Info.plist */,
				8403EB2826B6A70C00D11783 /* dStarSafeBoxDemo.xcdatamodeld */,
			);
			path = dStarSafeBoxDemo;
			sourceTree = "<group>";
		};
		8403EB3826B6CA1400D11783 /* Protocols */ = {
			isa = PBXGroup;
			children = (
				8403EB3926B6CAA900D11783 /* Coordinator.swift */,
			);
			path = Protocols;
			sourceTree = "<group>";
		};
/* End PBXGroup section */

/* Begin PBXNativeTarget section */
		8403EB1B26B6A70C00D11783 /* dStarSafeBoxDemo */ = {
			isa = PBXNativeTarget;
			buildConfigurationList = 8403EB3326B6A70C00D11783 /* Build configuration list for PBXNativeTarget "dStarSafeBoxDemo" */;
			buildPhases = (
				8403EB1826B6A70C00D11783 /* Sources */,
				8403EB1926B6A70C00D11783 /* Frameworks */,
				8403EB1A26B6A70C00D11783 /* Resources */,
			);
			buildRules = (
			);
			dependencies = (
			);
			name = dStarSafeBoxDemo;
			productName = dStarSafeBoxDemo;
			productReference = 8403EB1C26B6A70C00D11783 /* dStarSafeBoxDemo.app */;
			productType = "com.apple.product-type.application";
		};
/* End PBXNativeTarget section */

/* Begin PBXProject section */
		8403EB1426B6A70C00D11783 /* Project object */ = {
			isa = PBXProject;
			attributes = {
				LastSwiftUpdateCheck = 1230;
				LastUpgradeCheck = 1230;
				TargetAttributes = {
					8403EB1B26B6A70C00D11783 = {
						CreatedOnToolsVersion = 12.3;
					};
				};
			};
			buildConfigurationList = 8403EB1726B6A70C00D11783 /* Build configuration list for PBXProject "dStarSafeBoxDemo" */;
			compatibilityVersion = "Xcode 9.3";
			developmentRegion = en;
			hasScannedForEncodings = 0;
			knownRegions = (
				en,
				Base,
			);
			mainGroup = 8403EB1326B6A70C00D11783;
			productRefGroup = 8403EB1D26B6A70C00D11783 /* Products */;
			projectDirPath = "";
			projectRoot = "";
			targets = (
				8403EB1B26B6A70C00D11783 /* dStarSafeBoxDemo */,
			);
		};
/* End PBXProject section */

/* Begin PBXResourcesBuildPhase section */
		8403EB1A26B6A70C00D11783 /* Resources */ = {
			isa = PBXResourcesBuildPhase;
			buildActionMask = 2147483647;
			files = (
				8403EB2F26B6A70C00D11783 /* LaunchScreen.storyboard in Resources */,
				8403EB2C26B6A70C00D11783 /* Assets.xcassets in Resources */,
				8403EB2726B6A70C00D11783 /* Main.storyboard in Resources */,
			);
			runOnlyForDeploymentPostprocessing = 0;
		};
/* End PBXResourcesBuildPhase section */

/* Begin PBXSourcesBuildPhase section */
		8403EB1826B6A70C00D11783 /* Sources */ = {
			isa = PBXSourcesBuildPhase;
			buildActionMask = 2147483647;
			files = (
				8403EB2A26B6A70C00D11783 /* dStarSafeBoxDemo.xcdatamodeld in Sources */,
				8403EB2426B6A70C00D11783 /* ViewController.swift in Sources */,
				8403EB3A26B6CAA900D11783 /* Coordinator.swift in Sources */,
				8403EB2026B6A70C00D11783 /* AppDelegate.swift in Sources */,
				8403EB2226B6A70C00D11783 /* SceneDelegate.swift in Sources */,
			);
			runOnlyForDeploymentPostprocessing = 0;
		};
/* End PBXSourcesBuildPhase section */

/* Begin PBXVariantGroup section */
		8403EB2526B6A70C00D11783 /* Main.storyboard */ = {
			isa = PBXVariantGroup;
			children = (
				8403EB2626B6A70C00D11783 /* Base */,
			);
			name = Main.storyboard;
			sourceTree = "<group>";
		};
		8403EB2D26B6A70C00D11783 /* LaunchScreen.storyboard */ = {
			isa = PBXVariantGroup;
			children = (
				8403EB2E26B6A70C00D11783 /* Base */,
			);
			name = LaunchScreen.storyboard;
			sourceTree = "<group>";
		};
/* End PBXVariantGroup section */

/* Begin XCBuildConfiguration section */
		8403EB3126B6A70C00D11783 /* Debug */ = {
			isa = XCBuildConfiguration;
			buildSettings = {
				ALWAYS_SEARCH_USER_PATHS = NO;
				CLANG_ANALYZER_NONNULL = YES;
				CLANG_ANALYZER_NUMBER_OBJECT_CONVERSION = YES_AGGRESSIVE;
				CLANG_CXX_LANGUAGE_STANDARD = "gnu++14";
				CLANG_CXX_LIBRARY = "libc++";
				CLANG_ENABLE_MODULES = YES;
				CLANG_ENABLE_OBJC_ARC = YES;
				CLANG_ENABLE_OBJC_WEAK = YES;
				CLANG_WARN_BLOCK_CAPTURE_AUTORELEASING = YES;
				CLANG_WARN_BOOL_CONVERSION = YES;
				CLANG_WARN_COMMA = YES;
				CLANG_WARN_CONSTANT_CONVERSION = YES;
				CLANG_WARN_DEPRECATED_OBJC_IMPLEMENTATIONS = YES;
				CLANG_WARN_DIRECT_OBJC_ISA_USAGE = YES_ERROR;
				CLANG_WARN_DOCUMENTATION_COMMENTS = YES;
				CLANG_WARN_EMPTY_BODY = YES;
				CLANG_WARN_ENUM_CONVERSION = YES;
				CLANG_WARN_INFINITE_RECURSION = YES;
				CLANG_WARN_INT_CONVERSION = YES;
				CLANG_WARN_NON_LITERAL_NULL_CONVERSION = YES;
				CLANG_WARN_OBJC_IMPLICIT_RETAIN_SELF = YES;
				CLANG_WARN_OBJC_LITERAL_CONVERSION = YES;
				CLANG_WARN_OBJC_ROOT_CLASS = YES_ERROR;
				CLANG_WARN_QUOTED_INCLUDE_IN_FRAMEWORK_HEADER = YES;
				CLANG_WARN_RANGE_LOOP_ANALYSIS = YES;
				CLANG_WARN_STRICT_PROTOTYPES = YES;
				CLANG_WARN_SUSPICIOUS_MOVE = YES;
				CLANG_WARN_UNGUARDED_AVAILABILITY = YES_AGGRESSIVE;
				CLANG_WARN_UNREACHABLE_CODE = YES;
				CLANG_WARN__DUPLICATE_METHOD_MATCH = YES;
				COPY_PHASE_STRIP = NO;
				DEBUG_INFORMATION_FORMAT = dwarf;
				ENABLE_STRICT_OBJC_MSGSEND = YES;
				ENABLE_TESTABILITY = YES;
				GCC_C_LANGUAGE_STANDARD = gnu11;
				GCC_DYNAMIC_NO_PIC = NO;
				GCC_NO_COMMON_BLOCKS = YES;
				GCC_OPTIMIZATION_LEVEL = 0;
				GCC_PREPROCESSOR_DEFINITIONS = (
					"DEBUG=1",
					"$(inherited)",
				);
				GCC_WARN_64_TO_32_BIT_CONVERSION = YES;
				GCC_WARN_ABOUT_RETURN_TYPE = YES_ERROR;
				GCC_WARN_UNDECLARED_SELECTOR = YES;
				GCC_WARN_UNINITIALIZED_AUTOS = YES_AGGRESSIVE;
				GCC_WARN_UNUSED_FUNCTION = YES;
				GCC_WARN_UNUSED_VARIABLE = YES;
				IPHONEOS_DEPLOYMENT_TARGET = 14.3;
				MTL_ENABLE_DEBUG_INFO = INCLUDE_SOURCE;
				MTL_FAST_MATH = YES;
				ONLY_ACTIVE_ARCH = YES;
				SDKROOT = iphoneos;
				SWIFT_ACTIVE_COMPILATION_CONDITIONS = DEBUG;
				SWIFT_OPTIMIZATION_LEVEL = "-Onone";
			};
			name = Debug;
		};
		8403EB3226B6A70C00D11783 /* Release */ = {
			isa = XCBuildConfiguration;
			buildSettings = {
				ALWAYS_SEARCH_USER_PATHS = NO;
				CLANG_ANALYZER_NONNULL = YES;
				CLANG_ANALYZER_NUMBER_OBJECT_CONVERSION = YES_AGGRESSIVE;
				CLANG_CXX_LANGUAGE_STANDARD = "gnu++14";
				CLANG_CXX_LIBRARY = "libc++";
				CLANG_ENABLE_MODULES = YES;
				CLANG_ENABLE_OBJC_ARC = YES;
				CLANG_ENABLE_OBJC_WEAK = YES;
				CLANG_WARN_BLOCK_CAPTURE_AUTORELEASING = YES;
				CLANG_WARN_BOOL_CONVERSION = YES;
				CLANG_WARN_COMMA = YES;
				CLANG_WARN_CONSTANT_CONVERSION = YES;
				CLANG_WARN_DEPRECATED_OBJC_IMPLEMENTATIONS = YES;
				CLANG_WARN_DIRECT_OBJC_ISA_USAGE = YES_ERROR;
				CLANG_WARN_DOCUMENTATION_COMMENTS = YES;
				CLANG_WARN_EMPTY_BODY = YES;
				CLANG_WARN_ENUM_CONVERSION = YES;
				CLANG_WARN_INFINITE_RECURSION = YES;
				CLANG_WARN_INT_CONVERSION = YES;
				CLANG_WARN_NON_LITERAL_NULL_CONVERSION = YES;
				CLANG_WARN_OBJC_IMPLICIT_RETAIN_SELF = YES;
				CLANG_WARN_OBJC_LITERAL_CONVERSION = YES;
				CLANG_WARN_OBJC_ROOT_CLASS = YES_ERROR;
				CLANG_WARN_QUOTED_INCLUDE_IN_FRAMEWORK_HEADER = YES;
				CLANG_WARN_RANGE_LOOP_ANALYSIS = YES;
				CLANG_WARN_STRICT_PROTOTYPES = YES;
				CLANG_WARN_SUSPICIOUS_MOVE = YES;
				CLANG_WARN_UNGUARDED_AVAILABILITY = YES_AGGRESSIVE;
				CLANG_WARN_UNREACHABLE_CODE = YES;
				CLANG_WARN__DUPLICATE_METHOD_MATCH = YES;
				COPY_PHASE_STRIP = NO;
				DEBUG_INFORMATION_FORMAT = "dwarf-with-dsym";
				ENABLE_NS_ASSERTIONS = NO;
				ENABLE_STRICT_OBJC_MSGSEND = YES;
				GCC_C_LANGUAGE_STANDARD = gnu11;
				GCC_NO_COMMON_BLOCKS = YES;
				GCC_WARN_64_TO_32_BIT_CONVERSION = YES;
				GCC_WARN_ABOUT_RETURN_TYPE = YES_ERROR;
				GCC_WARN_UNDECLARED_SELECTOR = YES;
				GCC_WARN_UNINITIALIZED_AUTOS = YES_AGGRESSIVE;
				GCC_WARN_UNUSED_FUNCTION = YES;
				GCC_WARN_UNUSED_VARIABLE = YES;
				IPHONEOS_DEPLOYMENT_TARGET = 14.3;
				MTL_ENABLE_DEBUG_INFO = NO;
				MTL_FAST_MATH = YES;
				SDKROOT = iphoneos;
				SWIFT_COMPILATION_MODE = wholemodule;
				SWIFT_OPTIMIZATION_LEVEL = "-O";
				VALIDATE_PRODUCT = YES;
			};
			name = Release;
		};
		8403EB3426B6A70C00D11783 /* Debug */ = {
			isa = XCBuildConfiguration;
			buildSettings = {
				ASSETCATALOG_COMPILER_APPICON_NAME = AppIcon;
				ASSETCATALOG_COMPILER_GLOBAL_ACCENT_COLOR_NAME = AccentColor;
				CODE_SIGN_STYLE = Automatic;
				DEVELOPMENT_TEAM = HHTN433Z68;
				INFOPLIST_FILE = dStarSafeBoxDemo/Info.plist;
				LD_RUNPATH_SEARCH_PATHS = (
					"$(inherited)",
					"@executable_path/Frameworks",
				);
				PRODUCT_BUNDLE_IDENTIFIER = EricsApp.dStarSafeBoxDemo;
				PRODUCT_NAME = "$(TARGET_NAME)";
				SWIFT_VERSION = 5.0;
				TARGETED_DEVICE_FAMILY = "1,2";
			};
			name = Debug;
		};
		8403EB3526B6A70C00D11783 /* Release */ = {
			isa = XCBuildConfiguration;
			buildSettings = {
				ASSETCATALOG_COMPILER_APPICON_NAME = AppIcon;
				ASSETCATALOG_COMPILER_GLOBAL_ACCENT_COLOR_NAME = AccentColor;
				CODE_SIGN_STYLE = Automatic;
				DEVELOPMENT_TEAM = HHTN433Z68;
				INFOPLIST_FILE = dStarSafeBoxDemo/Info.plist;
				LD_RUNPATH_SEARCH_PATHS = (
					"$(inherited)",
					"@executable_path/Frameworks",
				);
				PRODUCT_BUNDLE_IDENTIFIER = EricsApp.dStarSafeBoxDemo;
				PRODUCT_NAME = "$(TARGET_NAME)";
				SWIFT_VERSION = 5.0;
				TARGETED_DEVICE_FAMILY = "1,2";
			};
			name = Release;
		};
/* End XCBuildConfiguration section */

/* Begin XCConfigurationList section */
		8403EB1726B6A70C00D11783 /* Build configuration list for PBXProject "dStarSafeBoxDemo" */ = {
			isa = XCConfigurationList;
			buildConfigurations = (
				8403EB3126B6A70C00D11783 /* Debug */,
				8403EB3226B6A70C00D11783 /* Release */,
			);
			defaultConfigurationIsVisible = 0;
			defaultConfigurationName = Release;
		};
		8403EB3326B6A70C00D11783 /* Build configuration list for PBXNativeTarget "dStarSafeBoxDemo" */ = {
			isa = XCConfigurationList;
			buildConfigurations = (
				8403EB3426B6A70C00D11783 /* Debug */,
				8403EB3526B6A70C00D11783 /* Release */,
			);
			defaultConfigurationIsVisible = 0;
			defaultConfigurationName = Release;
		};
/* End XCConfigurationList section */

/* Begin XCVersionGroup section */
		8403EB2826B6A70C00D11783 /* dStarSafeBoxDemo.xcdatamodeld */ = {
			isa = XCVersionGroup;
			children = (
				8403EB2926B6A70C00D11783 /* dStarSafeBoxDemo.xcdatamodel */,
			);
			currentVersion = 8403EB2926B6A70C00D11783 /* dStarSafeBoxDemo.xcdatamodel */;
			path = dStarSafeBoxDemo.xcdatamodeld;
			sourceTree = "<group>";
			versionGroupType = wrapper.xcdatamodel;
		};
/* End XCVersionGroup section */
	};
	rootObject = 8403EB1426B6A70C00D11783 /* Project object */;
}
