// !$*UTF8*$!
{
	archiveVersion = 1;
	classes = {
	};
	objectVersion = 50;
	objects = {

/* Begin PBXBuildFile section */
		8403EB2026B6A70C00D11783 /* AppDelegate.swift in Sources */ = {isa = PBXBuildFile; fileRef = 8403EB1F26B6A70C00D11783 /* AppDelegate.swift */; };
		8403EB2226B6A70C00D11783 /* SceneDelegate.swift in Sources */ = {isa = PBXBuildFile; fileRef = 8403EB2126B6A70C00D11783 /* SceneDelegate.swift */; };
		8403EB2726B6A70C00D11783 /* Main.storyboard in Resources */ = {isa = PBXBuildFile; fileRef = 8403EB2526B6A70C00D11783 /* Main.storyboard */; };
		8403EB2A26B6A70C00D11783 /* dStarSafeBoxDemo.xcdatamodeld in Sources */ = {isa = PBXBuildFile; fileRef = 8403EB2826B6A70C00D11783 /* dStarSafeBoxDemo.xcdatamodeld */; };
		8403EB2C26B6A70C00D11783 /* Assets.xcassets in Resources */ = {isa = PBXBuildFile; fileRef = 8403EB2B26B6A70C00D11783 /* Assets.xcassets */; };
		8403EB2F26B6A70C00D11783 /* LaunchScreen.storyboard in Resources */ = {isa = PBXBuildFile; fileRef = 8403EB2D26B6A70C00D11783 /* LaunchScreen.storyboard */; };
		8403EB3A26B6CAA900D11783 /* Coordinator.swift in Sources */ = {isa = PBXBuildFile; fileRef = 8403EB3926B6CAA900D11783 /* Coordinator.swift */; };
		8403EB3F26B6CD5300D11783 /* Presentable.swift in Sources */ = {isa = PBXBuildFile; fileRef = 8403EB3E26B6CD5300D11783 /* Presentable.swift */; };
		8403EB4326B6CE0700D11783 /* Router.swift in Sources */ = {isa = PBXBuildFile; fileRef = 8403EB4226B6CE0700D11783 /* Router.swift */; };
		8403EB4626B6CE6800D11783 /* RouterImp.swift in Sources */ = {isa = PBXBuildFile; fileRef = 8403EB4526B6CE6800D11783 /* RouterImp.swift */; };
		8403EB4A26B6CF4C00D11783 /* CoordinatorFactory.swift in Sources */ = {isa = PBXBuildFile; fileRef = 8403EB4926B6CF4C00D11783 /* CoordinatorFactory.swift */; };
		8403EB4E26B6CFB500D11783 /* CoordinatorFactoryImp.swift in Sources */ = {isa = PBXBuildFile; fileRef = 8403EB4D26B6CFB500D11783 /* CoordinatorFactoryImp.swift */; };
		8403EB5326B6D09600D11783 /* UIViewControllerExtension.swift in Sources */ = {isa = PBXBuildFile; fileRef = 8403EB5226B6D09600D11783 /* UIViewControllerExtension.swift */; };
		8403EB5726B6D17500D11783 /* StoryboardsEnum.swift in Sources */ = {isa = PBXBuildFile; fileRef = 8403EB5626B6D17500D11783 /* StoryboardsEnum.swift */; };
		84276A9826BAE0AC00AC4F22 /* ItemsViewModel.swift in Sources */ = {isa = PBXBuildFile; fileRef = 84276A9726BAE0AC00AC4F22 /* ItemsViewModel.swift */; };
		84276A9B26BAE25900AC4F22 /* ItemsModel.swift in Sources */ = {isa = PBXBuildFile; fileRef = 84276A9A26BAE25900AC4F22 /* ItemsModel.swift */; };
		84391A6626B7479200BACB56 /* NSObjectExtensions.swift in Sources */ = {isa = PBXBuildFile; fileRef = 84391A6526B7479200BACB56 /* NSObjectExtensions.swift */; };
		84391A6A26B7487900BACB56 /* ApplicationCoordinator.swift in Sources */ = {isa = PBXBuildFile; fileRef = 84391A6926B7487900BACB56 /* ApplicationCoordinator.swift */; };
		84391A6E26B748DC00BACB56 /* BaseCoordinator.swift in Sources */ = {isa = PBXBuildFile; fileRef = 84391A6D26B748DC00BACB56 /* BaseCoordinator.swift */; };
		846E87FC26B95A8900F591EA /* Home.storyboard in Resources */ = {isa = PBXBuildFile; fileRef = 846E87FB26B95A8900F591EA /* Home.storyboard */; };
		846E880226B95B6A00F591EA /* HomeViewController.swift in Sources */ = {isa = PBXBuildFile; fileRef = 846E880126B95B6A00F591EA /* HomeViewController.swift */; };
		846E880526B95BF300F591EA /* HomeView.swift in Sources */ = {isa = PBXBuildFile; fileRef = 846E880426B95BF300F591EA /* HomeView.swift */; };
		846E880926B96FEF00F591EA /* CategoriesCollectionViewCell.swift in Sources */ = {isa = PBXBuildFile; fileRef = 846E880826B96FEF00F591EA /* CategoriesCollectionViewCell.swift */; };
		846E880C26B981F400F591EA /* HomeModuleFactory.swift in Sources */ = {isa = PBXBuildFile; fileRef = 846E880B26B981F400F591EA /* HomeModuleFactory.swift */; };
		846E880F26B9890500F591EA /* HomeCoordinatorOutput.swift in Sources */ = {isa = PBXBuildFile; fileRef = 846E880E26B9890500F591EA /* HomeCoordinatorOutput.swift */; };
		846E881226B989B200F591EA /* HomeCoordinator.swift in Sources */ = {isa = PBXBuildFile; fileRef = 846E881126B989B200F591EA /* HomeCoordinator.swift */; };
		84B7A20826B82C9700DDEC63 /* Auth.storyboard in Resources */ = {isa = PBXBuildFile; fileRef = 84B7A20726B82C9700DDEC63 /* Auth.storyboard */; };
		84B7A20C26B82D3B00DDEC63 /* AuthViewController.swift in Sources */ = {isa = PBXBuildFile; fileRef = 84B7A20B26B82D3B00DDEC63 /* AuthViewController.swift */; };
		84B7A20F26B8312500DDEC63 /* AuthCoordinator.swift in Sources */ = {isa = PBXBuildFile; fileRef = 84B7A20E26B8312500DDEC63 /* AuthCoordinator.swift */; };
		84B7A21226B831DF00DDEC63 /* ModuleFactoryImp.swift in Sources */ = {isa = PBXBuildFile; fileRef = 84B7A21126B831DF00DDEC63 /* ModuleFactoryImp.swift */; };
		84B7A21526B8322B00DDEC63 /* AuthModuleFactory.swift in Sources */ = {isa = PBXBuildFile; fileRef = 84B7A21426B8322B00DDEC63 /* AuthModuleFactory.swift */; };
		84B7A21926B832C000DDEC63 /* AuthView.swift in Sources */ = {isa = PBXBuildFile; fileRef = 84B7A21826B832C000DDEC63 /* AuthView.swift */; };
		84B7A21D26B83C2200DDEC63 /* SignUpViewController.swift in Sources */ = {isa = PBXBuildFile; fileRef = 84B7A21C26B83C2200DDEC63 /* SignUpViewController.swift */; };
		84B7A22026B84A9D00DDEC63 /* BaseView.swift in Sources */ = {isa = PBXBuildFile; fileRef = 84B7A21F26B84A9D00DDEC63 /* BaseView.swift */; };
		84B7A22826B84E9500DDEC63 /* SignUpView.swift in Sources */ = {isa = PBXBuildFile; fileRef = 84B7A22726B84E9500DDEC63 /* SignUpView.swift */; };
		84B7A22B26B8582500DDEC63 /* AuthCoordinatorOutput.swift in Sources */ = {isa = PBXBuildFile; fileRef = 84B7A22A26B8582500DDEC63 /* AuthCoordinatorOutput.swift */; };
/* End PBXBuildFile section */

/* Begin PBXFileReference section */
		8403EB1C26B6A70C00D11783 /* dStarSafeBoxDemo.app */ = {isa = PBXFileReference; explicitFileType = wrapper.application; includeInIndex = 0; path = dStarSafeBoxDemo.app; sourceTree = BUILT_PRODUCTS_DIR; };
		8403EB1F26B6A70C00D11783 /* AppDelegate.swift */ = {isa = PBXFileReference; lastKnownFileType = sourcecode.swift; path = AppDelegate.swift; sourceTree = "<group>"; };
		8403EB2126B6A70C00D11783 /* SceneDelegate.swift */ = {isa = PBXFileReference; lastKnownFileType = sourcecode.swift; path = SceneDelegate.swift; sourceTree = "<group>"; };
		8403EB2626B6A70C00D11783 /* Base */ = {isa = PBXFileReference; lastKnownFileType = file.storyboard; name = Base; path = Base.lproj/Main.storyboard; sourceTree = "<group>"; };
		8403EB2926B6A70C00D11783 /* dStarSafeBoxDemo.xcdatamodel */ = {isa = PBXFileReference; lastKnownFileType = wrapper.xcdatamodel; path = dStarSafeBoxDemo.xcdatamodel; sourceTree = "<group>"; };
		8403EB2B26B6A70C00D11783 /* Assets.xcassets */ = {isa = PBXFileReference; lastKnownFileType = folder.assetcatalog; path = Assets.xcassets; sourceTree = "<group>"; };
		8403EB2E26B6A70C00D11783 /* Base */ = {isa = PBXFileReference; lastKnownFileType = file.storyboard; name = Base; path = Base.lproj/LaunchScreen.storyboard; sourceTree = "<group>"; };
		8403EB3026B6A70C00D11783 /* Info.plist */ = {isa = PBXFileReference; lastKnownFileType = text.plist.xml; path = Info.plist; sourceTree = "<group>"; };
		8403EB3926B6CAA900D11783 /* Coordinator.swift */ = {isa = PBXFileReference; lastKnownFileType = sourcecode.swift; path = Coordinator.swift; sourceTree = "<group>"; };
		8403EB3E26B6CD5300D11783 /* Presentable.swift */ = {isa = PBXFileReference; lastKnownFileType = sourcecode.swift; path = Presentable.swift; sourceTree = "<group>"; };
		8403EB4226B6CE0700D11783 /* Router.swift */ = {isa = PBXFileReference; lastKnownFileType = sourcecode.swift; path = Router.swift; sourceTree = "<group>"; };
		8403EB4526B6CE6800D11783 /* RouterImp.swift */ = {isa = PBXFileReference; lastKnownFileType = sourcecode.swift; path = RouterImp.swift; sourceTree = "<group>"; };
		8403EB4926B6CF4C00D11783 /* CoordinatorFactory.swift */ = {isa = PBXFileReference; lastKnownFileType = sourcecode.swift; path = CoordinatorFactory.swift; sourceTree = "<group>"; };
		8403EB4D26B6CFB500D11783 /* CoordinatorFactoryImp.swift */ = {isa = PBXFileReference; lastKnownFileType = sourcecode.swift; path = CoordinatorFactoryImp.swift; sourceTree = "<group>"; };
		8403EB5226B6D09600D11783 /* UIViewControllerExtension.swift */ = {isa = PBXFileReference; lastKnownFileType = sourcecode.swift; path = UIViewControllerExtension.swift; sourceTree = "<group>"; };
		8403EB5626B6D17500D11783 /* StoryboardsEnum.swift */ = {isa = PBXFileReference; lastKnownFileType = sourcecode.swift; path = StoryboardsEnum.swift; sourceTree = "<group>"; };
		84276A9726BAE0AC00AC4F22 /* ItemsViewModel.swift */ = {isa = PBXFileReference; lastKnownFileType = sourcecode.swift; path = ItemsViewModel.swift; sourceTree = "<group>"; };
		84276A9A26BAE25900AC4F22 /* ItemsModel.swift */ = {isa = PBXFileReference; lastKnownFileType = sourcecode.swift; path = ItemsModel.swift; sourceTree = "<group>"; };
		84391A6526B7479200BACB56 /* NSObjectExtensions.swift */ = {isa = PBXFileReference; lastKnownFileType = sourcecode.swift; path = NSObjectExtensions.swift; sourceTree = "<group>"; };
		84391A6926B7487900BACB56 /* ApplicationCoordinator.swift */ = {isa = PBXFileReference; lastKnownFileType = sourcecode.swift; path = ApplicationCoordinator.swift; sourceTree = "<group>"; };
		84391A6D26B748DC00BACB56 /* BaseCoordinator.swift */ = {isa = PBXFileReference; lastKnownFileType = sourcecode.swift; path = BaseCoordinator.swift; sourceTree = "<group>"; };
		846E87FB26B95A8900F591EA /* Home.storyboard */ = {isa = PBXFileReference; lastKnownFileType = file.storyboard; path = Home.storyboard; sourceTree = "<group>"; };
		846E880126B95B6A00F591EA /* HomeViewController.swift */ = {isa = PBXFileReference; lastKnownFileType = sourcecode.swift; path = HomeViewController.swift; sourceTree = "<group>"; };
		846E880426B95BF300F591EA /* HomeView.swift */ = {isa = PBXFileReference; lastKnownFileType = sourcecode.swift; path = HomeView.swift; sourceTree = "<group>"; };
		846E880826B96FEF00F591EA /* CategoriesCollectionViewCell.swift */ = {isa = PBXFileReference; lastKnownFileType = sourcecode.swift; path = CategoriesCollectionViewCell.swift; sourceTree = "<group>"; };
		846E880B26B981F400F591EA /* HomeModuleFactory.swift */ = {isa = PBXFileReference; lastKnownFileType = sourcecode.swift; path = HomeModuleFactory.swift; sourceTree = "<group>"; };
		846E880E26B9890500F591EA /* HomeCoordinatorOutput.swift */ = {isa = PBXFileReference; lastKnownFileType = sourcecode.swift; path = HomeCoordinatorOutput.swift; sourceTree = "<group>"; };
		846E881126B989B200F591EA /* HomeCoordinator.swift */ = {isa = PBXFileReference; lastKnownFileType = sourcecode.swift; path = HomeCoordinator.swift; sourceTree = "<group>"; };
		84B7A20726B82C9700DDEC63 /* Auth.storyboard */ = {isa = PBXFileReference; lastKnownFileType = file.storyboard; path = Auth.storyboard; sourceTree = "<group>"; };
		84B7A20B26B82D3B00DDEC63 /* AuthViewController.swift */ = {isa = PBXFileReference; lastKnownFileType = sourcecode.swift; path = AuthViewController.swift; sourceTree = "<group>"; };
		84B7A20E26B8312500DDEC63 /* AuthCoordinator.swift */ = {isa = PBXFileReference; lastKnownFileType = sourcecode.swift; path = AuthCoordinator.swift; sourceTree = "<group>"; };
		84B7A21126B831DF00DDEC63 /* ModuleFactoryImp.swift */ = {isa = PBXFileReference; lastKnownFileType = sourcecode.swift; path = ModuleFactoryImp.swift; sourceTree = "<group>"; };
		84B7A21426B8322B00DDEC63 /* AuthModuleFactory.swift */ = {isa = PBXFileReference; lastKnownFileType = sourcecode.swift; path = AuthModuleFactory.swift; sourceTree = "<group>"; };
		84B7A21826B832C000DDEC63 /* AuthView.swift */ = {isa = PBXFileReference; lastKnownFileType = sourcecode.swift; path = AuthView.swift; sourceTree = "<group>"; };
		84B7A21C26B83C2200DDEC63 /* SignUpViewController.swift */ = {isa = PBXFileReference; lastKnownFileType = sourcecode.swift; path = SignUpViewController.swift; sourceTree = "<group>"; };
		84B7A21F26B84A9D00DDEC63 /* BaseView.swift */ = {isa = PBXFileReference; lastKnownFileType = sourcecode.swift; path = BaseView.swift; sourceTree = "<group>"; };
		84B7A22726B84E9500DDEC63 /* SignUpView.swift */ = {isa = PBXFileReference; lastKnownFileType = sourcecode.swift; path = SignUpView.swift; sourceTree = "<group>"; };
		84B7A22A26B8582500DDEC63 /* AuthCoordinatorOutput.swift */ = {isa = PBXFileReference; lastKnownFileType = sourcecode.swift; path = AuthCoordinatorOutput.swift; sourceTree = "<group>"; };
/* End PBXFileReference section */

/* Begin PBXFrameworksBuildPhase section */
		8403EB1926B6A70C00D11783 /* Frameworks */ = {
			isa = PBXFrameworksBuildPhase;
			buildActionMask = 2147483647;
			files = (
			);
			runOnlyForDeploymentPostprocessing = 0;
		};
/* End PBXFrameworksBuildPhase section */

/* Begin PBXGroup section */
		8403EB1326B6A70C00D11783 = {
			isa = PBXGroup;
			children = (
				8403EB1E26B6A70C00D11783 /* dStarSafeBoxDemo */,
				8403EB1D26B6A70C00D11783 /* Products */,
			);
			sourceTree = "<group>";
		};
		8403EB1D26B6A70C00D11783 /* Products */ = {
			isa = PBXGroup;
			children = (
				8403EB1C26B6A70C00D11783 /* dStarSafeBoxDemo.app */,
			);
			name = Products;
			sourceTree = "<group>";
		};
		8403EB1E26B6A70C00D11783 /* dStarSafeBoxDemo */ = {
			isa = PBXGroup;
			children = (
				846E87FF26B95B1300F591EA /* HomeFlow */,
				84B7A20A26B82CF400DDEC63 /* AuthFlow */,
				84391A6C26B748BA00BACB56 /* Parents */,
				84391A6826B7482800BACB56 /* Application */,
				8403EB5526B6D14800D11783 /* Storyboards */,
				8403EB5126B6D06100D11783 /* Extensions */,
				8403EB4826B6CEEA00D11783 /* Factories */,
				8403EB3D26B6CD0900D11783 /* Router */,
				8403EB3826B6CA1400D11783 /* Protocols */,
				8403EB2B26B6A70C00D11783 /* Assets.xcassets */,
				8403EB2D26B6A70C00D11783 /* LaunchScreen.storyboard */,
				8403EB3026B6A70C00D11783 /* Info.plist */,
				8403EB2826B6A70C00D11783 /* dStarSafeBoxDemo.xcdatamodeld */,
			);
			path = dStarSafeBoxDemo;
			sourceTree = "<group>";
		};
		8403EB3826B6CA1400D11783 /* Protocols */ = {
			isa = PBXGroup;
			children = (
				8403EB3926B6CAA900D11783 /* Coordinator.swift */,
				8403EB3E26B6CD5300D11783 /* Presentable.swift */,
				84B7A21F26B84A9D00DDEC63 /* BaseView.swift */,
			);
			path = Protocols;
			sourceTree = "<group>";
		};
		8403EB3D26B6CD0900D11783 /* Router */ = {
			isa = PBXGroup;
			children = (
				8403EB4226B6CE0700D11783 /* Router.swift */,
				8403EB4526B6CE6800D11783 /* RouterImp.swift */,
			);
			path = Router;
			sourceTree = "<group>";
		};
		8403EB4826B6CEEA00D11783 /* Factories */ = {
			isa = PBXGroup;
			children = (
				8403EB4C26B6CF9B00D11783 /* Imp */,
				8403EB4926B6CF4C00D11783 /* CoordinatorFactory.swift */,
				84B7A21426B8322B00DDEC63 /* AuthModuleFactory.swift */,
				846E880B26B981F400F591EA /* HomeModuleFactory.swift */,
			);
			path = Factories;
			sourceTree = "<group>";
		};
		8403EB4C26B6CF9B00D11783 /* Imp */ = {
			isa = PBXGroup;
			children = (
				8403EB4D26B6CFB500D11783 /* CoordinatorFactoryImp.swift */,
				84B7A21126B831DF00DDEC63 /* ModuleFactoryImp.swift */,
			);
			path = Imp;
			sourceTree = "<group>";
		};
		8403EB5126B6D06100D11783 /* Extensions */ = {
			isa = PBXGroup;
			children = (
				8403EB5226B6D09600D11783 /* UIViewControllerExtension.swift */,
				84391A6526B7479200BACB56 /* NSObjectExtensions.swift */,
			);
			path = Extensions;
			sourceTree = "<group>";
		};
		8403EB5526B6D14800D11783 /* Storyboards */ = {
			isa = PBXGroup;
			children = (
				8403EB5626B6D17500D11783 /* StoryboardsEnum.swift */,
				8403EB2526B6A70C00D11783 /* Main.storyboard */,
				84B7A20726B82C9700DDEC63 /* Auth.storyboard */,
				846E87FB26B95A8900F591EA /* Home.storyboard */,
			);
			path = Storyboards;
			sourceTree = "<group>";
		};
		84391A6826B7482800BACB56 /* Application */ = {
			isa = PBXGroup;
			children = (
				8403EB1F26B6A70C00D11783 /* AppDelegate.swift */,
				84391A6926B7487900BACB56 /* ApplicationCoordinator.swift */,
				8403EB2126B6A70C00D11783 /* SceneDelegate.swift */,
			);
			path = Application;
			sourceTree = "<group>";
		};
		84391A6C26B748BA00BACB56 /* Parents */ = {
			isa = PBXGroup;
			children = (
				84391A6D26B748DC00BACB56 /* BaseCoordinator.swift */,
			);
			path = Parents;
			sourceTree = "<group>";
		};
		846E87FF26B95B1300F591EA /* HomeFlow */ = {
			isa = PBXGroup;
			children = (
				846E880026B95B2700F591EA /* Controllers */,
				846E880E26B9890500F591EA /* HomeCoordinatorOutput.swift */,
				846E881126B989B200F591EA /* HomeCoordinator.swift */,
				84276A9726BAE0AC00AC4F22 /* ItemsViewModel.swift */,
				84276A9A26BAE25900AC4F22 /* ItemsModel.swift */,
			);
			path = HomeFlow;
			sourceTree = "<group>";
		};
		846E880026B95B2700F591EA /* Controllers */ = {
			isa = PBXGroup;
			children = (
				846E880126B95B6A00F591EA /* HomeViewController.swift */,
				846E880426B95BF300F591EA /* HomeView.swift */,
				846E880826B96FEF00F591EA /* CategoriesCollectionViewCell.swift */,
			);
			path = Controllers;
			sourceTree = "<group>";
		};
		84B7A20A26B82CF400DDEC63 /* AuthFlow */ = {
			isa = PBXGroup;
			children = (
				84B7A21726B8327700DDEC63 /* Controllers */,
				84B7A20E26B8312500DDEC63 /* AuthCoordinator.swift */,
				84B7A22A26B8582500DDEC63 /* AuthCoordinatorOutput.swift */,
			);
			path = AuthFlow;
			sourceTree = "<group>";
		};
		84B7A21726B8327700DDEC63 /* Controllers */ = {
			isa = PBXGroup;
			children = (
				84B7A20B26B82D3B00DDEC63 /* AuthViewController.swift */,
				84B7A21826B832C000DDEC63 /* AuthView.swift */,
				84B7A21C26B83C2200DDEC63 /* SignUpViewController.swift */,
				84B7A22726B84E9500DDEC63 /* SignUpView.swift */,
			);
			path = Controllers;
			sourceTree = "<group>";
		};
/* End PBXGroup section */

/* Begin PBXNativeTarget section */
		8403EB1B26B6A70C00D11783 /* dStarSafeBoxDemo */ = {
			isa = PBXNativeTarget;
			buildConfigurationList = 8403EB3326B6A70C00D11783 /* Build configuration list for PBXNativeTarget "dStarSafeBoxDemo" */;
			buildPhases = (
				8403EB1826B6A70C00D11783 /* Sources */,
				8403EB1926B6A70C00D11783 /* Frameworks */,
				8403EB1A26B6A70C00D11783 /* Resources */,
			);
			buildRules = (
			);
			dependencies = (
			);
			name = dStarSafeBoxDemo;
			productName = dStarSafeBoxDemo;
			productReference = 8403EB1C26B6A70C00D11783 /* dStarSafeBoxDemo.app */;
			productType = "com.apple.product-type.application";
		};
/* End PBXNativeTarget section */

/* Begin PBXProject section */
		8403EB1426B6A70C00D11783 /* Project object */ = {
			isa = PBXProject;
			attributes = {
				LastSwiftUpdateCheck = 1230;
				LastUpgradeCheck = 1230;
				TargetAttributes = {
					8403EB1B26B6A70C00D11783 = {
						CreatedOnToolsVersion = 12.3;
					};
				};
			};
			buildConfigurationList = 8403EB1726B6A70C00D11783 /* Build configuration list for PBXProject "dStarSafeBoxDemo" */;
			compatibilityVersion = "Xcode 9.3";
			developmentRegion = en;
			hasScannedForEncodings = 0;
			knownRegions = (
				en,
				Base,
			);
			mainGroup = 8403EB1326B6A70C00D11783;
			productRefGroup = 8403EB1D26B6A70C00D11783 /* Products */;
			projectDirPath = "";
			projectRoot = "";
			targets = (
				8403EB1B26B6A70C00D11783 /* dStarSafeBoxDemo */,
			);
		};
/* End PBXProject section */

/* Begin PBXResourcesBuildPhase section */
		8403EB1A26B6A70C00D11783 /* Resources */ = {
			isa = PBXResourcesBuildPhase;
			buildActionMask = 2147483647;
			files = (
				84B7A20826B82C9700DDEC63 /* Auth.storyboard in Resources */,
				846E87FC26B95A8900F591EA /* Home.storyboard in Resources */,
				8403EB2F26B6A70C00D11783 /* LaunchScreen.storyboard in Resources */,
				8403EB2C26B6A70C00D11783 /* Assets.xcassets in Resources */,
				8403EB2726B6A70C00D11783 /* Main.storyboard in Resources */,
			);
			runOnlyForDeploymentPostprocessing = 0;
		};
/* End PBXResourcesBuildPhase section */

/* Begin PBXSourcesBuildPhase section */
		8403EB1826B6A70C00D11783 /* Sources */ = {
			isa = PBXSourcesBuildPhase;
			buildActionMask = 2147483647;
			files = (
				8403EB2A26B6A70C00D11783 /* dStarSafeBoxDemo.xcdatamodeld in Sources */,
				8403EB5726B6D17500D11783 /* StoryboardsEnum.swift in Sources */,
				8403EB4626B6CE6800D11783 /* RouterImp.swift in Sources */,
				84276A9B26BAE25900AC4F22 /* ItemsModel.swift in Sources */,
				846E880526B95BF300F591EA /* HomeView.swift in Sources */,
				846E881226B989B200F591EA /* HomeCoordinator.swift in Sources */,
				84276A9826BAE0AC00AC4F22 /* ItemsViewModel.swift in Sources */,
				84B7A20F26B8312500DDEC63 /* AuthCoordinator.swift in Sources */,
				84B7A22826B84E9500DDEC63 /* SignUpView.swift in Sources */,
				846E880926B96FEF00F591EA /* CategoriesCollectionViewCell.swift in Sources */,
				84B7A20C26B82D3B00DDEC63 /* AuthViewController.swift in Sources */,
				84B7A21926B832C000DDEC63 /* AuthView.swift in Sources */,
				8403EB3A26B6CAA900D11783 /* Coordinator.swift in Sources */,
				8403EB4326B6CE0700D11783 /* Router.swift in Sources */,
				84B7A22026B84A9D00DDEC63 /* BaseView.swift in Sources */,
				8403EB2026B6A70C00D11783 /* AppDelegate.swift in Sources */,
				846E880226B95B6A00F591EA /* HomeViewController.swift in Sources */,
				8403EB4A26B6CF4C00D11783 /* CoordinatorFactory.swift in Sources */,
				84B7A22B26B8582500DDEC63 /* AuthCoordinatorOutput.swift in Sources */,
				8403EB2226B6A70C00D11783 /* SceneDelegate.swift in Sources */,
				84391A6626B7479200BACB56 /* NSObjectExtensions.swift in Sources */,
				84391A6E26B748DC00BACB56 /* BaseCoordinator.swift in Sources */,
				84B7A21526B8322B00DDEC63 /* AuthModuleFactory.swift in Sources */,
				84B7A21D26B83C2200DDEC63 /* SignUpViewController.swift in Sources */,
				84B7A21226B831DF00DDEC63 /* ModuleFactoryImp.swift in Sources */,
				8403EB4E26B6CFB500D11783 /* CoordinatorFactoryImp.swift in Sources */,
				846E880C26B981F400F591EA /* HomeModuleFactory.swift in Sources */,
				846E880F26B9890500F591EA /* HomeCoordinatorOutput.swift in Sources */,
				8403EB5326B6D09600D11783 /* UIViewControllerExtension.swift in Sources */,
				8403EB3F26B6CD5300D11783 /* Presentable.swift in Sources */,
				84391A6A26B7487900BACB56 /* ApplicationCoordinator.swift in Sources */,
			);
			runOnlyForDeploymentPostprocessing = 0;
		};
/* End PBXSourcesBuildPhase section */

/* Begin PBXVariantGroup section */
		8403EB2526B6A70C00D11783 /* Main.storyboard */ = {
			isa = PBXVariantGroup;
			children = (
				8403EB2626B6A70C00D11783 /* Base */,
			);
			name = Main.storyboard;
			sourceTree = "<group>";
		};
		8403EB2D26B6A70C00D11783 /* LaunchScreen.storyboard */ = {
			isa = PBXVariantGroup;
			children = (
				8403EB2E26B6A70C00D11783 /* Base */,
			);
			name = LaunchScreen.storyboard;
			sourceTree = "<group>";
		};
/* End PBXVariantGroup section */

/* Begin XCBuildConfiguration section */
		8403EB3126B6A70C00D11783 /* Debug */ = {
			isa = XCBuildConfiguration;
			buildSettings = {
				ALWAYS_SEARCH_USER_PATHS = NO;
				CLANG_ANALYZER_NONNULL = YES;
				CLANG_ANALYZER_NUMBER_OBJECT_CONVERSION = YES_AGGRESSIVE;
				CLANG_CXX_LANGUAGE_STANDARD = "gnu++14";
				CLANG_CXX_LIBRARY = "libc++";
				CLANG_ENABLE_MODULES = YES;
				CLANG_ENABLE_OBJC_ARC = YES;
				CLANG_ENABLE_OBJC_WEAK = YES;
				CLANG_WARN_BLOCK_CAPTURE_AUTORELEASING = YES;
				CLANG_WARN_BOOL_CONVERSION = YES;
				CLANG_WARN_COMMA = YES;
				CLANG_WARN_CONSTANT_CONVERSION = YES;
				CLANG_WARN_DEPRECATED_OBJC_IMPLEMENTATIONS = YES;
				CLANG_WARN_DIRECT_OBJC_ISA_USAGE = YES_ERROR;
				CLANG_WARN_DOCUMENTATION_COMMENTS = YES;
				CLANG_WARN_EMPTY_BODY = YES;
				CLANG_WARN_ENUM_CONVERSION = YES;
				CLANG_WARN_INFINITE_RECURSION = YES;
				CLANG_WARN_INT_CONVERSION = YES;
				CLANG_WARN_NON_LITERAL_NULL_CONVERSION = YES;
				CLANG_WARN_OBJC_IMPLICIT_RETAIN_SELF = YES;
				CLANG_WARN_OBJC_LITERAL_CONVERSION = YES;
				CLANG_WARN_OBJC_ROOT_CLASS = YES_ERROR;
				CLANG_WARN_QUOTED_INCLUDE_IN_FRAMEWORK_HEADER = YES;
				CLANG_WARN_RANGE_LOOP_ANALYSIS = YES;
				CLANG_WARN_STRICT_PROTOTYPES = YES;
				CLANG_WARN_SUSPICIOUS_MOVE = YES;
				CLANG_WARN_UNGUARDED_AVAILABILITY = YES_AGGRESSIVE;
				CLANG_WARN_UNREACHABLE_CODE = YES;
				CLANG_WARN__DUPLICATE_METHOD_MATCH = YES;
				COPY_PHASE_STRIP = NO;
				DEBUG_INFORMATION_FORMAT = dwarf;
				ENABLE_STRICT_OBJC_MSGSEND = YES;
				ENABLE_TESTABILITY = YES;
				GCC_C_LANGUAGE_STANDARD = gnu11;
				GCC_DYNAMIC_NO_PIC = NO;
				GCC_NO_COMMON_BLOCKS = YES;
				GCC_OPTIMIZATION_LEVEL = 0;
				GCC_PREPROCESSOR_DEFINITIONS = (
					"DEBUG=1",
					"$(inherited)",
				);
				GCC_WARN_64_TO_32_BIT_CONVERSION = YES;
				GCC_WARN_ABOUT_RETURN_TYPE = YES_ERROR;
				GCC_WARN_UNDECLARED_SELECTOR = YES;
				GCC_WARN_UNINITIALIZED_AUTOS = YES_AGGRESSIVE;
				GCC_WARN_UNUSED_FUNCTION = YES;
				GCC_WARN_UNUSED_VARIABLE = YES;
				IPHONEOS_DEPLOYMENT_TARGET = 14.3;
				MTL_ENABLE_DEBUG_INFO = INCLUDE_SOURCE;
				MTL_FAST_MATH = YES;
				ONLY_ACTIVE_ARCH = YES;
				SDKROOT = iphoneos;
				SWIFT_ACTIVE_COMPILATION_CONDITIONS = DEBUG;
				SWIFT_OPTIMIZATION_LEVEL = "-Onone";
			};
			name = Debug;
		};
		8403EB3226B6A70C00D11783 /* Release */ = {
			isa = XCBuildConfiguration;
			buildSettings = {
				ALWAYS_SEARCH_USER_PATHS = NO;
				CLANG_ANALYZER_NONNULL = YES;
				CLANG_ANALYZER_NUMBER_OBJECT_CONVERSION = YES_AGGRESSIVE;
				CLANG_CXX_LANGUAGE_STANDARD = "gnu++14";
				CLANG_CXX_LIBRARY = "libc++";
				CLANG_ENABLE_MODULES = YES;
				CLANG_ENABLE_OBJC_ARC = YES;
				CLANG_ENABLE_OBJC_WEAK = YES;
				CLANG_WARN_BLOCK_CAPTURE_AUTORELEASING = YES;
				CLANG_WARN_BOOL_CONVERSION = YES;
				CLANG_WARN_COMMA = YES;
				CLANG_WARN_CONSTANT_CONVERSION = YES;
				CLANG_WARN_DEPRECATED_OBJC_IMPLEMENTATIONS = YES;
				CLANG_WARN_DIRECT_OBJC_ISA_USAGE = YES_ERROR;
				CLANG_WARN_DOCUMENTATION_COMMENTS = YES;
				CLANG_WARN_EMPTY_BODY = YES;
				CLANG_WARN_ENUM_CONVERSION = YES;
				CLANG_WARN_INFINITE_RECURSION = YES;
				CLANG_WARN_INT_CONVERSION = YES;
				CLANG_WARN_NON_LITERAL_NULL_CONVERSION = YES;
				CLANG_WARN_OBJC_IMPLICIT_RETAIN_SELF = YES;
				CLANG_WARN_OBJC_LITERAL_CONVERSION = YES;
				CLANG_WARN_OBJC_ROOT_CLASS = YES_ERROR;
				CLANG_WARN_QUOTED_INCLUDE_IN_FRAMEWORK_HEADER = YES;
				CLANG_WARN_RANGE_LOOP_ANALYSIS = YES;
				CLANG_WARN_STRICT_PROTOTYPES = YES;
				CLANG_WARN_SUSPICIOUS_MOVE = YES;
				CLANG_WARN_UNGUARDED_AVAILABILITY = YES_AGGRESSIVE;
				CLANG_WARN_UNREACHABLE_CODE = YES;
				CLANG_WARN__DUPLICATE_METHOD_MATCH = YES;
				COPY_PHASE_STRIP = NO;
				DEBUG_INFORMATION_FORMAT = "dwarf-with-dsym";
				ENABLE_NS_ASSERTIONS = NO;
				ENABLE_STRICT_OBJC_MSGSEND = YES;
				GCC_C_LANGUAGE_STANDARD = gnu11;
				GCC_NO_COMMON_BLOCKS = YES;
				GCC_WARN_64_TO_32_BIT_CONVERSION = YES;
				GCC_WARN_ABOUT_RETURN_TYPE = YES_ERROR;
				GCC_WARN_UNDECLARED_SELECTOR = YES;
				GCC_WARN_UNINITIALIZED_AUTOS = YES_AGGRESSIVE;
				GCC_WARN_UNUSED_FUNCTION = YES;
				GCC_WARN_UNUSED_VARIABLE = YES;
				IPHONEOS_DEPLOYMENT_TARGET = 14.3;
				MTL_ENABLE_DEBUG_INFO = NO;
				MTL_FAST_MATH = YES;
				SDKROOT = iphoneos;
				SWIFT_COMPILATION_MODE = wholemodule;
				SWIFT_OPTIMIZATION_LEVEL = "-O";
				VALIDATE_PRODUCT = YES;
			};
			name = Release;
		};
		8403EB3426B6A70C00D11783 /* Debug */ = {
			isa = XCBuildConfiguration;
			buildSettings = {
				ASSETCATALOG_COMPILER_APPICON_NAME = AppIcon;
				ASSETCATALOG_COMPILER_GLOBAL_ACCENT_COLOR_NAME = AccentColor;
				CODE_SIGN_STYLE = Automatic;
				DEVELOPMENT_TEAM = HHTN433Z68;
				INFOPLIST_FILE = dStarSafeBoxDemo/Info.plist;
				LD_RUNPATH_SEARCH_PATHS = (
					"$(inherited)",
					"@executable_path/Frameworks",
				);
				PRODUCT_BUNDLE_IDENTIFIER = EricsApp.dStarSafeBoxDemo;
				PRODUCT_NAME = "$(TARGET_NAME)";
				SWIFT_VERSION = 5.0;
				TARGETED_DEVICE_FAMILY = "1,2";
			};
			name = Debug;
		};
		8403EB3526B6A70C00D11783 /* Release */ = {
			isa = XCBuildConfiguration;
			buildSettings = {
				ASSETCATALOG_COMPILER_APPICON_NAME = AppIcon;
				ASSETCATALOG_COMPILER_GLOBAL_ACCENT_COLOR_NAME = AccentColor;
				CODE_SIGN_STYLE = Automatic;
				DEVELOPMENT_TEAM = HHTN433Z68;
				INFOPLIST_FILE = dStarSafeBoxDemo/Info.plist;
				LD_RUNPATH_SEARCH_PATHS = (
					"$(inherited)",
					"@executable_path/Frameworks",
				);
				PRODUCT_BUNDLE_IDENTIFIER = EricsApp.dStarSafeBoxDemo;
				PRODUCT_NAME = "$(TARGET_NAME)";
				SWIFT_VERSION = 5.0;
				TARGETED_DEVICE_FAMILY = "1,2";
			};
			name = Release;
		};
/* End XCBuildConfiguration section */

/* Begin XCConfigurationList section */
		8403EB1726B6A70C00D11783 /* Build configuration list for PBXProject "dStarSafeBoxDemo" */ = {
			isa = XCConfigurationList;
			buildConfigurations = (
				8403EB3126B6A70C00D11783 /* Debug */,
				8403EB3226B6A70C00D11783 /* Release */,
			);
			defaultConfigurationIsVisible = 0;
			defaultConfigurationName = Release;
		};
		8403EB3326B6A70C00D11783 /* Build configuration list for PBXNativeTarget "dStarSafeBoxDemo" */ = {
			isa = XCConfigurationList;
			buildConfigurations = (
				8403EB3426B6A70C00D11783 /* Debug */,
				8403EB3526B6A70C00D11783 /* Release */,
			);
			defaultConfigurationIsVisible = 0;
			defaultConfigurationName = Release;
		};
/* End XCConfigurationList section */

/* Begin XCVersionGroup section */
		8403EB2826B6A70C00D11783 /* dStarSafeBoxDemo.xcdatamodeld */ = {
			isa = XCVersionGroup;
			children = (
				8403EB2926B6A70C00D11783 /* dStarSafeBoxDemo.xcdatamodel */,
			);
			currentVersion = 8403EB2926B6A70C00D11783 /* dStarSafeBoxDemo.xcdatamodel */;
			path = dStarSafeBoxDemo.xcdatamodeld;
			sourceTree = "<group>";
			versionGroupType = wrapper.xcdatamodel;
		};
/* End XCVersionGroup section */
	};
	rootObject = 8403EB1426B6A70C00D11783 /* Project object */;
}
